
Microsoft Visual Studio Solution File, Format Version 12.00
# Visual Studio Version 16
VisualStudioVersion = 16.0.32106.194
MinimumVisualStudioVersion = 10.0.40219.1
Project("{FAE04EC0-301F-11D3-BF4B-00C04F79EFBC}") = "N1Project.Entities", "N1Project.Entities\N1Project.Entities.csproj", "{47AE0087-F5F5-4E3D-885B-211737AD90E4}"
EndProject
Project("{FAE04EC0-301F-11D3-BF4B-00C04F79EFBC}") = "N1Project.BackEnd", "N1Project.BackEnd\N1Project.BackEnd.csproj", "{37A6BEB1-DB14-4433-9A4E-255096FC34E1}"
EndProject
Project("{FAE04EC0-301F-11D3-BF4B-00C04F79EFBC}") = "N1Project.FrontEnd", "N1Project.FrontEnd\N1Project.FrontEnd.csproj", "{F3AE0B73-D0A1-4483-8A21-1FEB012292F9}"
EndProject
Global
	GlobalSection(SolutionConfigurationPlatforms) = preSolution
		Debug|Any CPU = Debug|Any CPU
		Release|Any CPU = Release|Any CPU
	EndGlobalSection
	GlobalSection(ProjectConfigurationPlatforms) = postSolution
		{47AE0087-F5F5-4E3D-885B-211737AD90E4}.Debug|Any CPU.ActiveCfg = Debug|Any CPU
		{47AE0087-F5F5-4E3D-885B-211737AD90E4}.Debug|Any CPU.Build.0 = Debug|Any CPU
		{47AE0087-F5F5-4E3D-885B-211737AD90E4}.Release|Any CPU.ActiveCfg = Release|Any CPU
		{47AE0087-F5F5-4E3D-885B-211737AD90E4}.Release|Any CPU.Build.0 = Release|Any CPU
		{37A6BEB1-DB14-4433-9A4E-255096FC34E1}.Debug|Any CPU.ActiveCfg = Debug|Any CPU
		{37A6BEB1-DB14-4433-9A4E-255096FC34E1}.Debug|Any CPU.Build.0 = Debug|Any CPU
		{37A6BEB1-DB14-4433-9A4E-255096FC34E1}.Release|Any CPU.ActiveCfg = Release|Any CPU
		{37A6BEB1-DB14-4433-9A4E-255096FC34E1}.Release|Any CPU.Build.0 = Release|Any CPU
		{F3AE0B73-D0A1-4483-8A21-1FEB012292F9}.Debug|Any CPU.ActiveCfg = Debug|Any CPU
		{F3AE0B73-D0A1-4483-8A21-1FEB012292F9}.Debug|Any CPU.Build.0 = Debug|Any CPU
		{F3AE0B73-D0A1-4483-8A21-1FEB012292F9}.Release|Any CPU.ActiveCfg = Release|Any CPU
		{F3AE0B73-D0A1-4483-8A21-1FEB012292F9}.Release|Any CPU.Build.0 = Release|Any CPU
	EndGlobalSection
	GlobalSection(SolutionProperties) = preSolution
		HideSolutionNode = FALSE
	EndGlobalSection
	GlobalSection(ExtensibilityGlobals) = postSolution
		SolutionGuid = {5C99EC58-B8E3-4F25-8E09-8E50328DB7DC}
	EndGlobalSection
EndGlobal
